
Microsoft Visual Studio Solution File, Format Version 12.00
# Visual Studio Version 16
VisualStudioVersion = 16.0.31911.196
MinimumVisualStudioVersion = 10.0.40219.1
Project("{FAE04EC0-301F-11D3-BF4B-00C04F79EFBC}") = "wsp", "wsp\wsp.csproj", "{8C7A9D83-E6BC-4043-9D65-37A5DC822C4A}"
EndProject
Global
	GlobalSection(SolutionConfigurationPlatforms) = preSolution
		Debug|Any CPU = Debug|Any CPU
		Release|Any CPU = Release|Any CPU
	EndGlobalSection
	GlobalSection(ProjectConfigurationPlatforms) = postSolution
		{8C7A9D83-E6BC-4043-9D65-37A5DC822C4A}.Debug|Any CPU.ActiveCfg = Debug|Any CPU
		{8C7A9D83-E6BC-4043-9D65-37A5DC822C4A}.Debug|Any CPU.Build.0 = Debug|Any CPU
		{8C7A9D83-E6BC-4043-9D65-37A5DC822C4A}.Release|Any CPU.ActiveCfg = Release|Any CPU
		{8C7A9D83-E6BC-4043-9D65-37A5DC822C4A}.Release|Any CPU.Build.0 = Release|Any CPU
	EndGlobalSection
	GlobalSection(SolutionProperties) = preSolution
		HideSolutionNode = FALSE
	EndGlobalSection
	GlobalSection(ExtensibilityGlobals) = postSolution
		SolutionGuid = {C3316DE6-5D01-446F-B6A6-CB4A4AFBDDEB}
	EndGlobalSection
EndGlobal
